<?xml version="1.0" encoding="utf-8"?>
<Project ToolsVersion="4.0" xmlns="http://schemas.microsoft.com/developer/msbuild/2003">
  <ItemGroup>
    <Filter Include="ソース ファイル">
      <UniqueIdentifier>{4FC737F1-C7A5-4376-A066-2A32D752A2FF}</UniqueIdentifier>
      <Extensions>cpp;c;cc;cxx;def;odl;idl;hpj;bat;asm;asmx</Extensions>
    </Filter>
    <Filter Include="ヘッダー ファイル">
      <UniqueIdentifier>{93995380-89BD-4b04-88EB-625FBE52EBFB}</UniqueIdentifier>
      <Extensions>h;hh;hpp;hxx;hm;inl;inc;ipp;xsd</Extensions>
    </Filter>
    <Filter Include="リソース ファイル">
      <UniqueIdentifier>{67DA6AB6-F800-4c08-8B7A-83BB121AAD01}</UniqueIdentifier>
      <Extensions>rc;ico;cur;bmp;dlg;rc2;rct;bin;rgs;gif;jpg;jpeg;jpe;resx;tiff;tif;png;wav;mfcribbon-ms</Extensions>
    </Filter>
    <Filter Include="ソース ファイル\dx21流用">
      <UniqueIdentifier>{5553d788-8b64-4059-ac76-4024d43ffcb4}</UniqueIdentifier>
    </Filter>
    <Filter Include="ヘッダー ファイル\dx21流用">
      <UniqueIdentifier>{88c41967-048c-49c0-a97b-0848f9c5f3bb}</UniqueIdentifier>
    </Filter>
    <Filter Include="ヘッダー ファイル\基底クラス">
      <UniqueIdentifier>{5e51ba1e-2490-48f4-aa73-d028b131517d}</UniqueIdentifier>
    </Filter>
    <Filter Include="ソース ファイル\アビリティ">
      <UniqueIdentifier>{fd4dfc19-5d27-4c15-8fe9-07097c1b5f53}</UniqueIdentifier>
    </Filter>
    <Filter Include="ヘッダー ファイル\アビリティ">
      <UniqueIdentifier>{5a6c0ae0-7ad2-4182-96a1-cd3a359059dc}</UniqueIdentifier>
    </Filter>
  </ItemGroup>
  <ItemGroup>
    <ClCompile Include="main.cpp">
      <Filter>ソース ファイル</Filter>
    </ClCompile>
    <ClCompile Include="game.cpp">
      <Filter>ソース ファイル</Filter>
    </ClCompile>
    <ClCompile Include="player.cpp">
      <Filter>ソース ファイル</Filter>
    </ClCompile>
    <ClCompile Include="debug_font.cpp">
      <Filter>ソース ファイル\dx21流用</Filter>
    </ClCompile>
    <ClCompile Include="debug_primitive.cpp">
      <Filter>ソース ファイル\dx21流用</Filter>
    </ClCompile>
    <ClCompile Include="fade.cpp">
      <Filter>ソース ファイル\dx21流用</Filter>
    </ClCompile>
    <ClCompile Include="mouse.cpp">
      <Filter>ソース ファイル\dx21流用</Filter>
    </ClCompile>
    <ClCompile Include="key_manager.cpp">
      <Filter>ソース ファイル\dx21流用</Filter>
    </ClCompile>
    <ClCompile Include="keyboard.cpp">
      <Filter>ソース ファイル\dx21流用</Filter>
    </ClCompile>
    <ClCompile Include="mydirect3d.cpp">
      <Filter>ソース ファイル\dx21流用</Filter>
    </ClCompile>
    <ClCompile Include="sound.cpp">
      <Filter>ソース ファイル\dx21流用</Filter>
    </ClCompile>
    <ClCompile Include="system_timer.cpp">
      <Filter>ソース ファイル\dx21流用</Filter>
    </ClCompile>
    <ClCompile Include="sprite.cpp">
      <Filter>ソース ファイル\dx21流用</Filter>
    </ClCompile>
    <ClCompile Include="texture.cpp">
      <Filter>ソース ファイル\dx21流用</Filter>
    </ClCompile>
    <ClCompile Include="block.cpp">
      <Filter>ソース ファイル</Filter>
    </ClCompile>
    <ClCompile Include="block_manager.cpp">
      <Filter>ソース ファイル</Filter>
    </ClCompile>
    <ClCompile Include="collision.cpp">
      <Filter>ソース ファイル</Filter>
    </ClCompile>
    <ClCompile Include="judge.cpp">
      <Filter>ソース ファイル</Filter>
    </ClCompile>
    <ClCompile Include="chichan.cpp">
      <Filter>ソース ファイル</Filter>
    </ClCompile>
    <ClCompile Include="doll.cpp">
      <Filter>ソース ファイル</Filter>
    </ClCompile>
    <ClCompile Include="abiity_rabbit.cpp">
      <Filter>ソース ファイル\アビリティ</Filter>
    </ClCompile>
    <ClCompile Include="ability_bird.cpp">
      <Filter>ソース ファイル\アビリティ</Filter>
    </ClCompile>
    <ClCompile Include="abiity_gorilla.cpp">
      <Filter>ソース ファイル\アビリティ</Filter>
    </ClCompile>
  </ItemGroup>
  <ItemGroup>
    <ClInclude Include="game.h">
      <Filter>ヘッダー ファイル</Filter>
    </ClInclude>
    <ClInclude Include="config.h">
      <Filter>ヘッダー ファイル</Filter>
    </ClInclude>
    <ClInclude Include="player.h">
      <Filter>ヘッダー ファイル</Filter>
    </ClInclude>
    <ClInclude Include="debug_font.h">
      <Filter>ヘッダー ファイル\dx21流用</Filter>
    </ClInclude>
    <ClInclude Include="debug_primitive.h">
      <Filter>ヘッダー ファイル\dx21流用</Filter>
    </ClInclude>
    <ClInclude Include="fade.h">
      <Filter>ヘッダー ファイル\dx21流用</Filter>
    </ClInclude>
    <ClInclude Include="key_manager.h">
      <Filter>ヘッダー ファイル\dx21流用</Filter>
    </ClInclude>
    <ClInclude Include="keyboard.h">
      <Filter>ヘッダー ファイル\dx21流用</Filter>
    </ClInclude>
    <ClInclude Include="mouse.h">
      <Filter>ヘッダー ファイル\dx21流用</Filter>
    </ClInclude>
    <ClInclude Include="mydirect3d.h">
      <Filter>ヘッダー ファイル\dx21流用</Filter>
    </ClInclude>
    <ClInclude Include="sound.h">
      <Filter>ヘッダー ファイル\dx21流用</Filter>
    </ClInclude>
    <ClInclude Include="sprite.h">
      <Filter>ヘッダー ファイル\dx21流用</Filter>
    </ClInclude>
    <ClInclude Include="system_timer.h">
      <Filter>ヘッダー ファイル\dx21流用</Filter>
    </ClInclude>
    <ClInclude Include="texture.h">
      <Filter>ヘッダー ファイル\dx21流用</Filter>
    </ClInclude>
    <ClInclude Include="collision.h">
      <Filter>ヘッダー ファイル</Filter>
    </ClInclude>
    <ClInclude Include="block.h">
      <Filter>ヘッダー ファイル</Filter>
    </ClInclude>
    <ClInclude Include="block_manager.h">
      <Filter>ヘッダー ファイル</Filter>
    </ClInclude>
    <ClInclude Include="judge.h">
      <Filter>ヘッダー ファイル</Filter>
    </ClInclude>
    <ClInclude Include="chichan.h">
      <Filter>ヘッダー ファイル</Filter>
    </ClInclude>
    <ClInclude Include="doll.h">
      <Filter>ヘッダー ファイル</Filter>
    </ClInclude>
    <ClInclude Include="object.h">
      <Filter>ヘッダー ファイル\基底クラス</Filter>
    </ClInclude>
    <ClInclude Include="ability.h">
      <Filter>ヘッダー ファイル\基底クラス</Filter>
    </ClInclude>
    <ClInclude Include="ability_rabbit.h">
      <Filter>ヘッダー ファイル\アビリティ</Filter>
    </ClInclude>
    <ClInclude Include="ability_bird.h">
      <Filter>ヘッダー ファイル\アビリティ</Filter>
    </ClInclude>
  </ItemGroup>
</Project>